
Microsoft Visual Studio Solution File, Format Version 12.00
# Visual Studio 14
VisualStudioVersion = 14.0.25420.1
MinimumVisualStudioVersion = 10.0.40219.1
Project("{8BC9CEB8-8B4A-11D0-8D11-00A0C91BC942}") = "HookSSDT", "HookSSDT\HookSSDT.vcxproj", "{2D6DE935-85B7-426D-BF7A-EB28742A6F96}"
EndProject
Global
	GlobalSection(SolutionConfigurationPlatforms) = preSolution
		Debug|x64 = Debug|x64
		Debug|x86 = Debug|x86
		Release|x64 = Release|x64
		Release|x86 = Release|x86
		SYS|x64 = SYS|x64
		SYS|x86 = SYS|x86
	EndGlobalSection
	GlobalSection(ProjectConfigurationPlatforms) = postSolution
		{2D6DE935-85B7-426D-BF7A-EB28742A6F96}.Debug|x64.ActiveCfg = SYS|x64
		{2D6DE935-85B7-426D-BF7A-EB28742A6F96}.Debug|x64.Build.0 = SYS|x64
		{2D6DE935-85B7-426D-BF7A-EB28742A6F96}.Debug|x86.ActiveCfg = SYS|Win32
		{2D6DE935-85B7-426D-BF7A-EB28742A6F96}.Debug|x86.Build.0 = SYS|Win32
		{2D6DE935-85B7-426D-BF7A-EB28742A6F96}.Release|x64.ActiveCfg = SYS|x64
		{2D6DE935-85B7-426D-BF7A-EB28742A6F96}.Release|x64.Build.0 = SYS|x64
		{2D6DE935-85B7-426D-BF7A-EB28742A6F96}.Release|x86.ActiveCfg = SYS|Win32
		{2D6DE935-85B7-426D-BF7A-EB28742A6F96}.Release|x86.Build.0 = SYS|Win32
		{2D6DE935-85B7-426D-BF7A-EB28742A6F96}.SYS|x64.ActiveCfg = SYS|x64
		{2D6DE935-85B7-426D-BF7A-EB28742A6F96}.SYS|x64.Build.0 = SYS|x64
		{2D6DE935-85B7-426D-BF7A-EB28742A6F96}.SYS|x86.ActiveCfg = SYS|Win32
		{2D6DE935-85B7-426D-BF7A-EB28742A6F96}.SYS|x86.Build.0 = SYS|Win32
	EndGlobalSection
	GlobalSection(SolutionProperties) = preSolution
		HideSolutionNode = FALSE
	EndGlobalSection
EndGlobal
